
Microsoft Visual Studio Solution File, Format Version 12.00
# Visual Studio 15
VisualStudioVersion = 15.0.27130.2024
MinimumVisualStudioVersion = 10.0.40219.1
Project("{9A19103F-16F7-4668-BE54-9A1E7A4F7556}") = "TicketingSystem.Models", "TicketSystem.Models\TicketingSystem.Models.csproj", "{DFA7FAF5-A143-4066-A113-3DA8CA76395E}"
EndProject
Project("{FAE04EC0-301F-11D3-BF4B-00C04F79EFBC}") = "TicketingSystem.Web", "TicketingSystem.Web\TicketingSystem.Web.csproj", "{77A740B2-C3AC-4F66-AEE3-F917F5785FE0}"
EndProject
Project("{FAE04EC0-301F-11D3-BF4B-00C04F79EFBC}") = "TicketingSystem.Data", "TicketingSystem.Data\TicketingSystem.Data.csproj", "{2C0A7182-C196-4D15-8946-CE32C16533D7}"
EndProject
Project("{FAE04EC0-301F-11D3-BF4B-00C04F79EFBC}") = "TicketingSystem.Common", "TicketingSystem.Common\TicketingSystem.Common.csproj", "{FDB3F2A8-7E20-400C-8C95-96E374065A77}"
EndProject
Global
	GlobalSection(SolutionConfigurationPlatforms) = preSolution
		Debug|Any CPU = Debug|Any CPU
		Release|Any CPU = Release|Any CPU
	EndGlobalSection
	GlobalSection(ProjectConfigurationPlatforms) = postSolution
		{DFA7FAF5-A143-4066-A113-3DA8CA76395E}.Debug|Any CPU.ActiveCfg = Debug|Any CPU
		{DFA7FAF5-A143-4066-A113-3DA8CA76395E}.Debug|Any CPU.Build.0 = Debug|Any CPU
		{DFA7FAF5-A143-4066-A113-3DA8CA76395E}.Release|Any CPU.ActiveCfg = Release|Any CPU
		{DFA7FAF5-A143-4066-A113-3DA8CA76395E}.Release|Any CPU.Build.0 = Release|Any CPU
		{77A740B2-C3AC-4F66-AEE3-F917F5785FE0}.Debug|Any CPU.ActiveCfg = Debug|Any CPU
		{77A740B2-C3AC-4F66-AEE3-F917F5785FE0}.Debug|Any CPU.Build.0 = Debug|Any CPU
		{77A740B2-C3AC-4F66-AEE3-F917F5785FE0}.Release|Any CPU.ActiveCfg = Release|Any CPU
		{77A740B2-C3AC-4F66-AEE3-F917F5785FE0}.Release|Any CPU.Build.0 = Release|Any CPU
		{2C0A7182-C196-4D15-8946-CE32C16533D7}.Debug|Any CPU.ActiveCfg = Debug|Any CPU
		{2C0A7182-C196-4D15-8946-CE32C16533D7}.Debug|Any CPU.Build.0 = Debug|Any CPU
		{2C0A7182-C196-4D15-8946-CE32C16533D7}.Release|Any CPU.ActiveCfg = Release|Any CPU
		{2C0A7182-C196-4D15-8946-CE32C16533D7}.Release|Any CPU.Build.0 = Release|Any CPU
		{FDB3F2A8-7E20-400C-8C95-96E374065A77}.Debug|Any CPU.ActiveCfg = Debug|Any CPU
		{FDB3F2A8-7E20-400C-8C95-96E374065A77}.Debug|Any CPU.Build.0 = Debug|Any CPU
		{FDB3F2A8-7E20-400C-8C95-96E374065A77}.Release|Any CPU.ActiveCfg = Release|Any CPU
		{FDB3F2A8-7E20-400C-8C95-96E374065A77}.Release|Any CPU.Build.0 = Release|Any CPU
	EndGlobalSection
	GlobalSection(SolutionProperties) = preSolution
		HideSolutionNode = FALSE
	EndGlobalSection
	GlobalSection(ExtensibilityGlobals) = postSolution
		SolutionGuid = {B09610FA-8058-44EA-B4DE-EFFA617222E5}
	EndGlobalSection
EndGlobal
